
Microsoft Visual Studio Solution File, Format Version 12.00
# Visual Studio Version 16
VisualStudioVersion = 16.0.28729.10
MinimumVisualStudioVersion = 10.0.40219.1
Project("{FAE04EC0-301F-11D3-BF4B-00C04F79EFBC}") = "ClassLibrary1", "ClassLibrary1\ClassLibrary1.csproj", "{8D508256-B136-4923-B99E-FB9CE0E214B6}"
EndProject
Project("{FAE04EC0-301F-11D3-BF4B-00C04F79EFBC}") = "CoreConsoleApp1", "CoreConsoleApp1\CoreConsoleApp1.csproj", "{1A71C941-E295-4635-8531-9A1471D76286}"
EndProject
Project("{2150E333-8FDC-42A3-9474-1A3956D46DE8}") = "Folder1", "Folder1", "{DAC66037-9BA5-4C5E-8BAC-73D4FB91AAD5}"
EndProject
Project("{FAE04EC0-301F-11D3-BF4B-00C04F79EFBC}") = "StandardClassLibrary2", "StandardClassLibrary2\StandardClassLibrary2.csproj", "{276FD9EF-51A6-47C6-8E69-F71DE0354E25}"
EndProject
Project("{2150E333-8FDC-42A3-9474-1A3956D46DE8}") = "Folder2", "Folder2", "{BD4F3A62-5DEA-4B72-A1B4-597551E0FE87}"
EndProject
Project("{FAE04EC0-301F-11D3-BF4B-00C04F79EFBC}") = "StandardClassLibrary3", "StandardClassLibrary3\StandardClassLibrary3.csproj", "{44A6C877-CAC0-4C75-BD0B-9B757FDA1ADA}"
EndProject
Project("{FAE04EC0-301F-11D3-BF4B-00C04F79EFBC}") = "UnitTestProject1", "UnitTestProject1\UnitTestProject1.csproj", "{49CD077A-4935-4A1A-91D8-061FF1B9372E}"
EndProject
Global
	GlobalSection(SolutionConfigurationPlatforms) = preSolution
		Debug|Any CPU = Debug|Any CPU
		Release|Any CPU = Release|Any CPU
	EndGlobalSection
	GlobalSection(ProjectConfigurationPlatforms) = postSolution
		{8D508256-B136-4923-B99E-FB9CE0E214B6}.Debug|Any CPU.ActiveCfg = Debug|Any CPU
		{8D508256-B136-4923-B99E-FB9CE0E214B6}.Debug|Any CPU.Build.0 = Debug|Any CPU
		{8D508256-B136-4923-B99E-FB9CE0E214B6}.Release|Any CPU.ActiveCfg = Release|Any CPU
		{8D508256-B136-4923-B99E-FB9CE0E214B6}.Release|Any CPU.Build.0 = Release|Any CPU
		{1A71C941-E295-4635-8531-9A1471D76286}.Debug|Any CPU.ActiveCfg = Debug|Any CPU
		{1A71C941-E295-4635-8531-9A1471D76286}.Debug|Any CPU.Build.0 = Debug|Any CPU
		{1A71C941-E295-4635-8531-9A1471D76286}.Release|Any CPU.ActiveCfg = Release|Any CPU
		{1A71C941-E295-4635-8531-9A1471D76286}.Release|Any CPU.Build.0 = Release|Any CPU
		{276FD9EF-51A6-47C6-8E69-F71DE0354E25}.Debug|Any CPU.ActiveCfg = Debug|Any CPU
		{276FD9EF-51A6-47C6-8E69-F71DE0354E25}.Debug|Any CPU.Build.0 = Debug|Any CPU
		{276FD9EF-51A6-47C6-8E69-F71DE0354E25}.Release|Any CPU.ActiveCfg = Release|Any CPU
		{276FD9EF-51A6-47C6-8E69-F71DE0354E25}.Release|Any CPU.Build.0 = Release|Any CPU
		{44A6C877-CAC0-4C75-BD0B-9B757FDA1ADA}.Debug|Any CPU.ActiveCfg = Debug|Any CPU
		{44A6C877-CAC0-4C75-BD0B-9B757FDA1ADA}.Debug|Any CPU.Build.0 = Debug|Any CPU
		{44A6C877-CAC0-4C75-BD0B-9B757FDA1ADA}.Release|Any CPU.ActiveCfg = Release|Any CPU
		{44A6C877-CAC0-4C75-BD0B-9B757FDA1ADA}.Release|Any CPU.Build.0 = Release|Any CPU
		{49CD077A-4935-4A1A-91D8-061FF1B9372E}.Debug|Any CPU.ActiveCfg = Debug|Any CPU
		{49CD077A-4935-4A1A-91D8-061FF1B9372E}.Debug|Any CPU.Build.0 = Debug|Any CPU
		{49CD077A-4935-4A1A-91D8-061FF1B9372E}.Release|Any CPU.ActiveCfg = Release|Any CPU
		{49CD077A-4935-4A1A-91D8-061FF1B9372E}.Release|Any CPU.Build.0 = Release|Any CPU
	EndGlobalSection
	GlobalSection(SolutionProperties) = preSolution
		HideSolutionNode = FALSE
	EndGlobalSection
	GlobalSection(NestedProjects) = preSolution
		{276FD9EF-51A6-47C6-8E69-F71DE0354E25} = {DAC66037-9BA5-4C5E-8BAC-73D4FB91AAD5}
		{44A6C877-CAC0-4C75-BD0B-9B757FDA1ADA} = {BD4F3A62-5DEA-4B72-A1B4-597551E0FE87}
		{49CD077A-4935-4A1A-91D8-061FF1B9372E} = {DAC66037-9BA5-4C5E-8BAC-73D4FB91AAD5}
	EndGlobalSection
	GlobalSection(ExtensibilityGlobals) = postSolution
		SolutionGuid = {A26B75F3-5D7C-4602-BD06-A60A7F8065CD}
	EndGlobalSection
EndGlobal
